
Microsoft Visual Studio Solution File, Format Version 12.00
# Visual Studio Version 17
VisualStudioVersion = 17.0.32112.339
MinimumVisualStudioVersion = 10.0.40219.1
Project("{9A19103F-16F7-4668-BE54-9A1E7A4F7556}") = "MTPrisonApp", "MTPrisonApp\MTPrisonApp.csproj", "{4EAE4A19-5719-4FB4-BEEF-340617AB4CF9}"
EndProject
Project("{9A19103F-16F7-4668-BE54-9A1E7A4F7556}") = "Aids", "Aids\Aids.csproj", "{AC788A54-6049-4357-A183-B9AF6B92E661}"
EndProject
Project("{9A19103F-16F7-4668-BE54-9A1E7A4F7556}") = "Core", "Core\Core.csproj", "{B4A1F8E4-72C0-4186-8CE0-6327B9ED713F}"
EndProject
Project("{9A19103F-16F7-4668-BE54-9A1E7A4F7556}") = "Data", "Data\Data.csproj", "{CE59C160-60A4-4D63-8CD6-8E0524774ACB}"
EndProject
Project("{9A19103F-16F7-4668-BE54-9A1E7A4F7556}") = "Domain", "Domain\Domain.csproj", "{7123DBF2-DC0F-47D1-9DF0-DB07106B72CF}"
EndProject
Project("{9A19103F-16F7-4668-BE54-9A1E7A4F7556}") = "Facade", "Facade\Facade.csproj", "{B08D1E69-B5A1-4466-AAA7-2AEBBED23495}"
EndProject
Project("{9A19103F-16F7-4668-BE54-9A1E7A4F7556}") = "Infra", "Infra\Infra.csproj", "{3A0C6060-F2D2-417D-98E0-99D085015D1F}"
EndProject
Project("{9A19103F-16F7-4668-BE54-9A1E7A4F7556}") = "Pages", "Pages\Pages.csproj", "{82867615-D2E4-48BA-9FB0-EF0C4F9FFA71}"
EndProject
Project("{9A19103F-16F7-4668-BE54-9A1E7A4F7556}") = "Tests", "Tests\Tests.csproj", "{88676EB0-07E8-4672-8402-A1BC383E50DB}"
EndProject
Global
	GlobalSection(SolutionConfigurationPlatforms) = preSolution
		Debug|Any CPU = Debug|Any CPU
		Release|Any CPU = Release|Any CPU
	EndGlobalSection
	GlobalSection(ProjectConfigurationPlatforms) = postSolution
		{4EAE4A19-5719-4FB4-BEEF-340617AB4CF9}.Debug|Any CPU.ActiveCfg = Debug|Any CPU
		{4EAE4A19-5719-4FB4-BEEF-340617AB4CF9}.Debug|Any CPU.Build.0 = Debug|Any CPU
		{4EAE4A19-5719-4FB4-BEEF-340617AB4CF9}.Release|Any CPU.ActiveCfg = Release|Any CPU
		{4EAE4A19-5719-4FB4-BEEF-340617AB4CF9}.Release|Any CPU.Build.0 = Release|Any CPU
		{AC788A54-6049-4357-A183-B9AF6B92E661}.Debug|Any CPU.ActiveCfg = Debug|Any CPU
		{AC788A54-6049-4357-A183-B9AF6B92E661}.Debug|Any CPU.Build.0 = Debug|Any CPU
		{AC788A54-6049-4357-A183-B9AF6B92E661}.Release|Any CPU.ActiveCfg = Release|Any CPU
		{AC788A54-6049-4357-A183-B9AF6B92E661}.Release|Any CPU.Build.0 = Release|Any CPU
		{B4A1F8E4-72C0-4186-8CE0-6327B9ED713F}.Debug|Any CPU.ActiveCfg = Debug|Any CPU
		{B4A1F8E4-72C0-4186-8CE0-6327B9ED713F}.Debug|Any CPU.Build.0 = Debug|Any CPU
		{B4A1F8E4-72C0-4186-8CE0-6327B9ED713F}.Release|Any CPU.ActiveCfg = Release|Any CPU
		{B4A1F8E4-72C0-4186-8CE0-6327B9ED713F}.Release|Any CPU.Build.0 = Release|Any CPU
		{CE59C160-60A4-4D63-8CD6-8E0524774ACB}.Debug|Any CPU.ActiveCfg = Debug|Any CPU
		{CE59C160-60A4-4D63-8CD6-8E0524774ACB}.Debug|Any CPU.Build.0 = Debug|Any CPU
		{CE59C160-60A4-4D63-8CD6-8E0524774ACB}.Release|Any CPU.ActiveCfg = Release|Any CPU
		{CE59C160-60A4-4D63-8CD6-8E0524774ACB}.Release|Any CPU.Build.0 = Release|Any CPU
		{7123DBF2-DC0F-47D1-9DF0-DB07106B72CF}.Debug|Any CPU.ActiveCfg = Debug|Any CPU
		{7123DBF2-DC0F-47D1-9DF0-DB07106B72CF}.Debug|Any CPU.Build.0 = Debug|Any CPU
		{7123DBF2-DC0F-47D1-9DF0-DB07106B72CF}.Release|Any CPU.ActiveCfg = Release|Any CPU
		{7123DBF2-DC0F-47D1-9DF0-DB07106B72CF}.Release|Any CPU.Build.0 = Release|Any CPU
		{B08D1E69-B5A1-4466-AAA7-2AEBBED23495}.Debug|Any CPU.ActiveCfg = Debug|Any CPU
		{B08D1E69-B5A1-4466-AAA7-2AEBBED23495}.Debug|Any CPU.Build.0 = Debug|Any CPU
		{B08D1E69-B5A1-4466-AAA7-2AEBBED23495}.Release|Any CPU.ActiveCfg = Release|Any CPU
		{B08D1E69-B5A1-4466-AAA7-2AEBBED23495}.Release|Any CPU.Build.0 = Release|Any CPU
		{3A0C6060-F2D2-417D-98E0-99D085015D1F}.Debug|Any CPU.ActiveCfg = Debug|Any CPU
		{3A0C6060-F2D2-417D-98E0-99D085015D1F}.Debug|Any CPU.Build.0 = Debug|Any CPU
		{3A0C6060-F2D2-417D-98E0-99D085015D1F}.Release|Any CPU.ActiveCfg = Release|Any CPU
		{3A0C6060-F2D2-417D-98E0-99D085015D1F}.Release|Any CPU.Build.0 = Release|Any CPU
		{82867615-D2E4-48BA-9FB0-EF0C4F9FFA71}.Debug|Any CPU.ActiveCfg = Debug|Any CPU
		{82867615-D2E4-48BA-9FB0-EF0C4F9FFA71}.Debug|Any CPU.Build.0 = Debug|Any CPU
		{82867615-D2E4-48BA-9FB0-EF0C4F9FFA71}.Release|Any CPU.ActiveCfg = Release|Any CPU
		{82867615-D2E4-48BA-9FB0-EF0C4F9FFA71}.Release|Any CPU.Build.0 = Release|Any CPU
		{88676EB0-07E8-4672-8402-A1BC383E50DB}.Debug|Any CPU.ActiveCfg = Debug|Any CPU
		{88676EB0-07E8-4672-8402-A1BC383E50DB}.Debug|Any CPU.Build.0 = Debug|Any CPU
		{88676EB0-07E8-4672-8402-A1BC383E50DB}.Release|Any CPU.ActiveCfg = Release|Any CPU
		{88676EB0-07E8-4672-8402-A1BC383E50DB}.Release|Any CPU.Build.0 = Release|Any CPU
	EndGlobalSection
	GlobalSection(SolutionProperties) = preSolution
		HideSolutionNode = FALSE
	EndGlobalSection
	GlobalSection(ExtensibilityGlobals) = postSolution
		SolutionGuid = {301104E8-22E6-428B-97AC-2E1ACEDD5D79}
	EndGlobalSection
EndGlobal
